// !$*UTF8*$!
{
	archiveVersion = 1;
	classes = {
	};
	objectVersion = 55;
	objects = {

/* Begin PBXBuildFile section */
		F15ACE602712030400FACFFB /* DSLocation.framework in Embed Frameworks */ = {isa = PBXBuildFile; fileRef = F1340FBE27109E5B00142DAE /* DSLocation.framework */; settings = {ATTRIBUTES = (CodeSignOnCopy, RemoveHeadersOnCopy, ); }; };
		F181CEBF2715FA05003EE5C1 /* DSLocation.framework in Frameworks */ = {isa = PBXBuildFile; fileRef = F1340FBE27109E5B00142DAE /* DSLocation.framework */; };
		F1A577A72710913200E3E967 /* LaunchScreen.storyboard in Resources */ = {isa = PBXBuildFile; fileRef = F1A5779B2710913200E3E967 /* LaunchScreen.storyboard */; };
		F1A577A82710913200E3E967 /* Main.storyboard in Resources */ = {isa = PBXBuildFile; fileRef = F1A5779D2710913200E3E967 /* Main.storyboard */; };
		F1A577A92710913200E3E967 /* Assets.xcassets in Resources */ = {isa = PBXBuildFile; fileRef = F1A577A02710913200E3E967 /* Assets.xcassets */; };
		F1A577AB2710913200E3E967 /* AppDelegate.swift in Sources */ = {isa = PBXBuildFile; fileRef = F1A577A32710913200E3E967 /* AppDelegate.swift */; };
		F1A577AC2710913200E3E967 /* SceneDelegate.swift in Sources */ = {isa = PBXBuildFile; fileRef = F1A577A42710913200E3E967 /* SceneDelegate.swift */; };
		F1A577AD2710913200E3E967 /* ViewController.swift in Sources */ = {isa = PBXBuildFile; fileRef = F1A577A62710913200E3E967 /* ViewController.swift */; };
/* End PBXBuildFile section */

/* Begin PBXContainerItemProxy section */
		F1340FBD27109E5B00142DAE /* PBXContainerItemProxy */ = {
			isa = PBXContainerItemProxy;
			containerPortal = F1340FB827109E5B00142DAE /* DSLocation.xcodeproj */;
			proxyType = 2;
			remoteGlobalIDString = F1340F8D27109A0F00142DAE;
			remoteInfo = DSLocation;
		};
		F1340FBF27109E5B00142DAE /* PBXContainerItemProxy */ = {
			isa = PBXContainerItemProxy;
			containerPortal = F1340FB827109E5B00142DAE /* DSLocation.xcodeproj */;
			proxyType = 2;
			remoteGlobalIDString = F1340F9427109A0F00142DAE;
			remoteInfo = "DSLocation Tests";
		};
/* End PBXContainerItemProxy section */

/* Begin PBXCopyFilesBuildPhase section */
		F15ACE612712030400FACFFB /* Embed Frameworks */ = {
			isa = PBXCopyFilesBuildPhase;
			buildActionMask = 2147483647;
			dstPath = "";
			dstSubfolderSpec = 10;
			files = (
				F15ACE602712030400FACFFB /* DSLocation.framework in Embed Frameworks */,
			);
			name = "Embed Frameworks";
			runOnlyForDeploymentPostprocessing = 0;
		};
/* End PBXCopyFilesBuildPhase section */

/* Begin PBXFileReference section */
		F1340FB827109E5B00142DAE /* DSLocation.xcodeproj */ = {isa = PBXFileReference; lastKnownFileType = "wrapper.pb-project"; name = DSLocation.xcodeproj; path = ../DSLocation.xcodeproj; sourceTree = "<group>"; };
		F1A313622711DE18009B99DF /* Location.gpx */ = {isa = PBXFileReference; lastKnownFileType = text.xml; path = Location.gpx; sourceTree = "<group>"; };
		F1A577822710894800E3E967 /* Example.app */ = {isa = PBXFileReference; explicitFileType = wrapper.application; includeInIndex = 0; path = Example.app; sourceTree = BUILT_PRODUCTS_DIR; };
		F1A5779C2710913200E3E967 /* Base */ = {isa = PBXFileReference; lastKnownFileType = file.storyboard; name = Base; path = Base.lproj/LaunchScreen.storyboard; sourceTree = "<group>"; };
		F1A5779E2710913200E3E967 /* Base */ = {isa = PBXFileReference; lastKnownFileType = file.storyboard; name = Base; path = Base.lproj/Main.storyboard; sourceTree = "<group>"; };
		F1A577A02710913200E3E967 /* Assets.xcassets */ = {isa = PBXFileReference; lastKnownFileType = folder.assetcatalog; path = Assets.xcassets; sourceTree = "<group>"; };
		F1A577A12710913200E3E967 /* Info.plist */ = {isa = PBXFileReference; fileEncoding = 4; lastKnownFileType = text.plist.xml; path = Info.plist; sourceTree = "<group>"; };
		F1A577A32710913200E3E967 /* AppDelegate.swift */ = {isa = PBXFileReference; fileEncoding = 4; lastKnownFileType = sourcecode.swift; path = AppDelegate.swift; sourceTree = "<group>"; };
		F1A577A42710913200E3E967 /* SceneDelegate.swift */ = {isa = PBXFileReference; fileEncoding = 4; lastKnownFileType = sourcecode.swift; path = SceneDelegate.swift; sourceTree = "<group>"; };
		F1A577A62710913200E3E967 /* ViewController.swift */ = {isa = PBXFileReference; fileEncoding = 4; lastKnownFileType = sourcecode.swift; path = ViewController.swift; sourceTree = "<group>"; };
/* End PBXFileReference section */

/* Begin PBXFrameworksBuildPhase section */
		F1A5777F2710894800E3E967 /* Frameworks */ = {
			isa = PBXFrameworksBuildPhase;
			buildActionMask = 2147483647;
			files = (
				F181CEBF2715FA05003EE5C1 /* DSLocation.framework in Frameworks */,
			);
			runOnlyForDeploymentPostprocessing = 0;
		};
/* End PBXFrameworksBuildPhase section */

/* Begin PBXGroup section */
		F1340FB927109E5B00142DAE /* Products */ = {
			isa = PBXGroup;
			children = (
				F1340FBE27109E5B00142DAE /* DSLocation.framework */,
				F1340FC027109E5B00142DAE /* DSLocation Tests.xctest */,
			);
			name = Products;
			sourceTree = "<group>";
		};
		F181CEBE2715FA05003EE5C1 /* Frameworks */ = {
			isa = PBXGroup;
			children = (
			);
			name = Frameworks;
			sourceTree = "<group>";
		};
		F1A3135D2711A594009B99DF /* Resource */ = {
			isa = PBXGroup;
			children = (
				F1A313622711DE18009B99DF /* Location.gpx */,
			);
			path = Resource;
			sourceTree = "<group>";
		};
		F1A577792710894800E3E967 = {
			isa = PBXGroup;
			children = (
				F1A577992710913200E3E967 /* Application */,
				F1A577A52710913200E3E967 /* Code */,
				F1A3135D2711A594009B99DF /* Resource */,
				F1A577832710894800E3E967 /* Products */,
				F181CEBE2715FA05003EE5C1 /* Frameworks */,
				F1340FB827109E5B00142DAE /* DSLocation.xcodeproj */,
			);
			sourceTree = "<group>";
		};
		F1A577832710894800E3E967 /* Products */ = {
			isa = PBXGroup;
			children = (
				F1A577822710894800E3E967 /* Example.app */,
			);
			name = Products;
			sourceTree = "<group>";
		};
		F1A577992710913200E3E967 /* Application */ = {
			isa = PBXGroup;
			children = (
				F1A577A22710913200E3E967 /* Main */,
				F1A5779F2710913200E3E967 /* Resource */,
				F1A5779A2710913200E3E967 /* Storyboard */,
			);
			path = Application;
			sourceTree = "<group>";
		};
		F1A5779A2710913200E3E967 /* Storyboard */ = {
			isa = PBXGroup;
			children = (
				F1A5779D2710913200E3E967 /* Main.storyboard */,
				F1A5779B2710913200E3E967 /* LaunchScreen.storyboard */,
			);
			path = Storyboard;
			sourceTree = "<group>";
		};
		F1A5779F2710913200E3E967 /* Resource */ = {
			isa = PBXGroup;
			children = (
				F1A577A12710913200E3E967 /* Info.plist */,
				F1A577A02710913200E3E967 /* Assets.xcassets */,
			);
			path = Resource;
			sourceTree = "<group>";
		};
		F1A577A22710913200E3E967 /* Main */ = {
			isa = PBXGroup;
			children = (
				F1A577A32710913200E3E967 /* AppDelegate.swift */,
				F1A577A42710913200E3E967 /* SceneDelegate.swift */,
			);
			path = Main;
			sourceTree = "<group>";
		};
		F1A577A52710913200E3E967 /* Code */ = {
			isa = PBXGroup;
			children = (
				F1A577A62710913200E3E967 /* ViewController.swift */,
			);
			path = Code;
			sourceTree = "<group>";
		};
/* End PBXGroup section */

/* Begin PBXNativeTarget section */
		F1A577812710894800E3E967 /* Example */ = {
			isa = PBXNativeTarget;
			buildConfigurationList = F1A577962710894B00E3E967 /* Build configuration list for PBXNativeTarget "Example" */;
			buildPhases = (
				F1A5777E2710894800E3E967 /* Sources */,
				F1A5777F2710894800E3E967 /* Frameworks */,
				F1A577802710894800E3E967 /* Resources */,
				F15ACE612712030400FACFFB /* Embed Frameworks */,
			);
			buildRules = (
			);
			dependencies = (
			);
			name = Example;
			productName = Example;
			productReference = F1A577822710894800E3E967 /* Example.app */;
			productType = "com.apple.product-type.application";
		};
/* End PBXNativeTarget section */

/* Begin PBXProject section */
		F1A5777A2710894800E3E967 /* Project object */ = {
			isa = PBXProject;
			attributes = {
				BuildIndependentTargetsInParallel = 1;
				LastSwiftUpdateCheck = 1300;
				LastUpgradeCheck = 1300;
				TargetAttributes = {
					F1A577812710894800E3E967 = {
						CreatedOnToolsVersion = 13.0;
					};
				};
			};
			buildConfigurationList = F1A5777D2710894800E3E967 /* Build configuration list for PBXProject "Example" */;
			compatibilityVersion = "Xcode 13.0";
			developmentRegion = en;
			hasScannedForEncodings = 0;
			knownRegions = (
				en,
				Base,
			);
			mainGroup = F1A577792710894800E3E967;
			productRefGroup = F1A577832710894800E3E967 /* Products */;
			projectDirPath = "";
			projectReferences = (
				{
					ProductGroup = F1340FB927109E5B00142DAE /* Products */;
					ProjectRef = F1340FB827109E5B00142DAE /* DSLocation.xcodeproj */;
				},
			);
			projectRoot = "";
			targets = (
				F1A577812710894800E3E967 /* Example */,
			);
		};
/* End PBXProject section */

/* Begin PBXReferenceProxy section */
		F1340FBE27109E5B00142DAE /* DSLocation.framework */ = {
			isa = PBXReferenceProxy;
			fileType = wrapper.framework;
			path = DSLocation.framework;
			remoteRef = F1340FBD27109E5B00142DAE /* PBXContainerItemProxy */;
			sourceTree = BUILT_PRODUCTS_DIR;
		};
		F1340FC027109E5B00142DAE /* DSLocation Tests.xctest */ = {
			isa = PBXReferenceProxy;
			fileType = wrapper.cfbundle;
			path = "DSLocation Tests.xctest";
			remoteRef = F1340FBF27109E5B00142DAE /* PBXContainerItemProxy */;
			sourceTree = BUILT_PRODUCTS_DIR;
		};
/* End PBXReferenceProxy section */

/* Begin PBXResourcesBuildPhase section */
		F1A577802710894800E3E967 /* Resources */ = {
			isa = PBXResourcesBuildPhase;
			buildActionMask = 2147483647;
			files = (
				F1A577A72710913200E3E967 /* LaunchScreen.storyboard in Resources */,
				F1A577A92710913200E3E967 /* Assets.xcassets in Resources */,
				F1A577A82710913200E3E967 /* Main.storyboard in Resources */,
			);
			runOnlyForDeploymentPostprocessing = 0;
		};
/* End PBXResourcesBuildPhase section */

/* Begin PBXSourcesBuildPhase section */
		F1A5777E2710894800E3E967 /* Sources */ = {
			isa = PBXSourcesBuildPhase;
			buildActionMask = 2147483647;
			files = (
				F1A577AD2710913200E3E967 /* ViewController.swift in Sources */,
				F1A577AB2710913200E3E967 /* AppDelegate.swift in Sources */,
				F1A577AC2710913200E3E967 /* SceneDelegate.swift in Sources */,
			);
			runOnlyForDeploymentPostprocessing = 0;
		};
/* End PBXSourcesBuildPhase section */

/* Begin PBXVariantGroup section */
		F1A5779B2710913200E3E967 /* LaunchScreen.storyboard */ = {
			isa = PBXVariantGroup;
			children = (
				F1A5779C2710913200E3E967 /* Base */,
			);
			name = LaunchScreen.storyboard;
			sourceTree = "<group>";
		};
		F1A5779D2710913200E3E967 /* Main.storyboard */ = {
			isa = PBXVariantGroup;
			children = (
				F1A5779E2710913200E3E967 /* Base */,
			);
			name = Main.storyboard;
			sourceTree = "<group>";
		};
/* End PBXVariantGroup section */

/* Begin XCBuildConfiguration section */
		F1A577942710894B00E3E967 /* Debug */ = {
			isa = XCBuildConfiguration;
			buildSettings = {
				ALWAYS_SEARCH_USER_PATHS = NO;
				CLANG_ANALYZER_NONNULL = YES;
				CLANG_ANALYZER_NUMBER_OBJECT_CONVERSION = YES_AGGRESSIVE;
				CLANG_CXX_LANGUAGE_STANDARD = "gnu++17";
				CLANG_CXX_LIBRARY = "libc++";
				CLANG_ENABLE_MODULES = YES;
				CLANG_ENABLE_OBJC_ARC = YES;
				CLANG_ENABLE_OBJC_WEAK = YES;
				CLANG_WARN_BLOCK_CAPTURE_AUTORELEASING = YES;
				CLANG_WARN_BOOL_CONVERSION = YES;
				CLANG_WARN_COMMA = YES;
				CLANG_WARN_CONSTANT_CONVERSION = YES;
				CLANG_WARN_DEPRECATED_OBJC_IMPLEMENTATIONS = YES;
				CLANG_WARN_DIRECT_OBJC_ISA_USAGE = YES_ERROR;
				CLANG_WARN_DOCUMENTATION_COMMENTS = YES;
				CLANG_WARN_EMPTY_BODY = YES;
				CLANG_WARN_ENUM_CONVERSION = YES;
				CLANG_WARN_INFINITE_RECURSION = YES;
				CLANG_WARN_INT_CONVERSION = YES;
				CLANG_WARN_NON_LITERAL_NULL_CONVERSION = YES;
				CLANG_WARN_OBJC_IMPLICIT_RETAIN_SELF = YES;
				CLANG_WARN_OBJC_LITERAL_CONVERSION = YES;
				CLANG_WARN_OBJC_ROOT_CLASS = YES_ERROR;
				CLANG_WARN_QUOTED_INCLUDE_IN_FRAMEWORK_HEADER = YES;
				CLANG_WARN_RANGE_LOOP_ANALYSIS = YES;
				CLANG_WARN_STRICT_PROTOTYPES = YES;
				CLANG_WARN_SUSPICIOUS_MOVE = YES;
				CLANG_WARN_UNGUARDED_AVAILABILITY = YES_AGGRESSIVE;
				CLANG_WARN_UNREACHABLE_CODE = YES;
				CLANG_WARN__DUPLICATE_METHOD_MATCH = YES;
				COPY_PHASE_STRIP = NO;
				DEBUG_INFORMATION_FORMAT = dwarf;
				ENABLE_STRICT_OBJC_MSGSEND = YES;
				ENABLE_TESTABILITY = YES;
				GCC_C_LANGUAGE_STANDARD = gnu11;
				GCC_DYNAMIC_NO_PIC = NO;
				GCC_NO_COMMON_BLOCKS = YES;
				GCC_OPTIMIZATION_LEVEL = 0;
				GCC_PREPROCESSOR_DEFINITIONS = (
					"DEBUG=1",
					"$(inherited)",
				);
				GCC_WARN_64_TO_32_BIT_CONVERSION = YES;
				GCC_WARN_ABOUT_RETURN_TYPE = YES_ERROR;
				GCC_WARN_UNDECLARED_SELECTOR = YES;
				GCC_WARN_UNINITIALIZED_AUTOS = YES_AGGRESSIVE;
				GCC_WARN_UNUSED_FUNCTION = YES;
				GCC_WARN_UNUSED_VARIABLE = YES;
				IPHONEOS_DEPLOYMENT_TARGET = 13.0;
				MTL_ENABLE_DEBUG_INFO = INCLUDE_SOURCE;
				MTL_FAST_MATH = YES;
				ONLY_ACTIVE_ARCH = YES;
				SDKROOT = iphoneos;
				SWIFT_ACTIVE_COMPILATION_CONDITIONS = DEBUG;
				SWIFT_OPTIMIZATION_LEVEL = "-Onone";
			};
			name = Debug;
		};
		F1A577952710894B00E3E967 /* Release */ = {
			isa = XCBuildConfiguration;
			buildSettings = {
				ALWAYS_SEARCH_USER_PATHS = NO;
				CLANG_ANALYZER_NONNULL = YES;
				CLANG_ANALYZER_NUMBER_OBJECT_CONVERSION = YES_AGGRESSIVE;
				CLANG_CXX_LANGUAGE_STANDARD = "gnu++17";
				CLANG_CXX_LIBRARY = "libc++";
				CLANG_ENABLE_MODULES = YES;
				CLANG_ENABLE_OBJC_ARC = YES;
				CLANG_ENABLE_OBJC_WEAK = YES;
				CLANG_WARN_BLOCK_CAPTURE_AUTORELEASING = YES;
				CLANG_WARN_BOOL_CONVERSION = YES;
				CLANG_WARN_COMMA = YES;
				CLANG_WARN_CONSTANT_CONVERSION = YES;
				CLANG_WARN_DEPRECATED_OBJC_IMPLEMENTATIONS = YES;
				CLANG_WARN_DIRECT_OBJC_ISA_USAGE = YES_ERROR;
				CLANG_WARN_DOCUMENTATION_COMMENTS = YES;
				CLANG_WARN_EMPTY_BODY = YES;
				CLANG_WARN_ENUM_CONVERSION = YES;
				CLANG_WARN_INFINITE_RECURSION = YES;
				CLANG_WARN_INT_CONVERSION = YES;
				CLANG_WARN_NON_LITERAL_NULL_CONVERSION = YES;
				CLANG_WARN_OBJC_IMPLICIT_RETAIN_SELF = YES;
				CLANG_WARN_OBJC_LITERAL_CONVERSION = YES;
				CLANG_WARN_OBJC_ROOT_CLASS = YES_ERROR;
				CLANG_WARN_QUOTED_INCLUDE_IN_FRAMEWORK_HEADER = YES;
				CLANG_WARN_RANGE_LOOP_ANALYSIS = YES;
				CLANG_WARN_STRICT_PROTOTYPES = YES;
				CLANG_WARN_SUSPICIOUS_MOVE = YES;
				CLANG_WARN_UNGUARDED_AVAILABILITY = YES_AGGRESSIVE;
				CLANG_WARN_UNREACHABLE_CODE = YES;
				CLANG_WARN__DUPLICATE_METHOD_MATCH = YES;
				COPY_PHASE_STRIP = NO;
				DEBUG_INFORMATION_FORMAT = "dwarf-with-dsym";
				ENABLE_NS_ASSERTIONS = NO;
				ENABLE_STRICT_OBJC_MSGSEND = YES;
				GCC_C_LANGUAGE_STANDARD = gnu11;
				GCC_NO_COMMON_BLOCKS = YES;
				GCC_WARN_64_TO_32_BIT_CONVERSION = YES;
				GCC_WARN_ABOUT_RETURN_TYPE = YES_ERROR;
				GCC_WARN_UNDECLARED_SELECTOR = YES;
				GCC_WARN_UNINITIALIZED_AUTOS = YES_AGGRESSIVE;
				GCC_WARN_UNUSED_FUNCTION = YES;
				GCC_WARN_UNUSED_VARIABLE = YES;
				IPHONEOS_DEPLOYMENT_TARGET = 13.0;
				MTL_ENABLE_DEBUG_INFO = NO;
				MTL_FAST_MATH = YES;
				SDKROOT = iphoneos;
				SWIFT_COMPILATION_MODE = wholemodule;
				SWIFT_OPTIMIZATION_LEVEL = "-O";
				VALIDATE_PRODUCT = YES;
			};
			name = Release;
		};
		F1A577972710894B00E3E967 /* Debug */ = {
			isa = XCBuildConfiguration;
			buildSettings = {
				ASSETCATALOG_COMPILER_APPICON_NAME = AppIcon;
				ASSETCATALOG_COMPILER_GLOBAL_ACCENT_COLOR_NAME = AccentColor;
				CODE_SIGN_STYLE = Automatic;
				CURRENT_PROJECT_VERSION = 2.0.0;
				DEVELOPMENT_TEAM = 3U34V92LTL;
				GENERATE_INFOPLIST_FILE = YES;
				INFOPLIST_FILE = Application/Resource/Info.plist;
				INFOPLIST_KEY_NSLocationAlwaysAndWhenInUseUsageDescription = "我们需要通过您的地理位置信息获取您周边的相关数据";
				INFOPLIST_KEY_NSLocationAlwaysUsageDescription = "我们需要通过您的地理位置信息获取您周边的相关数据";
				INFOPLIST_KEY_NSLocationWhenInUseUsageDescription = "使用应用期间";
				INFOPLIST_KEY_UIApplicationSupportsIndirectInputEvents = YES;
				INFOPLIST_KEY_UILaunchStoryboardName = LaunchScreen;
				INFOPLIST_KEY_UIMainStoryboardFile = Main;
				INFOPLIST_KEY_UISupportedInterfaceOrientations = "UIInterfaceOrientationLandscapeLeft UIInterfaceOrientationLandscapeRight";
				INFOPLIST_KEY_UISupportedInterfaceOrientations_iPad = "UIInterfaceOrientationPortrait UIInterfaceOrientationPortraitUpsideDown UIInterfaceOrientationLandscapeLeft UIInterfaceOrientationLandscapeRight";
				INFOPLIST_KEY_UISupportedInterfaceOrientations_iPhone = "UIInterfaceOrientationPortrait UIInterfaceOrientationLandscapeLeft UIInterfaceOrientationLandscapeRight";
				LD_RUNPATH_SEARCH_PATHS = (
					"$(inherited)",
					"@executable_path/Frameworks",
				);
				MARKETING_VERSION = 2.0.0;
				PRODUCT_BUNDLE_IDENTIFIER = "com.dream-ds.location.example";
				PRODUCT_NAME = "$(TARGET_NAME)";
				SWIFT_EMIT_LOC_STRINGS = YES;
				SWIFT_VERSION = 5.0;
				TARGETED_DEVICE_FAMILY = "1,2";
			};
			name = Debug;
		};
		F1A577982710894B00E3E967 /* Release */ = {
			isa = XCBuildConfiguration;
			buildSettings = {
				ASSETCATALOG_COMPILER_APPICON_NAME = AppIcon;
				ASSETCATALOG_COMPILER_GLOBAL_ACCENT_COLOR_NAME = AccentColor;
				CODE_SIGN_STYLE = Automatic;
				CURRENT_PROJECT_VERSION = 2.0.0;
				DEVELOPMENT_TEAM = 3U34V92LTL;
				GENERATE_INFOPLIST_FILE = YES;
				INFOPLIST_FILE = Application/Resource/Info.plist;
				INFOPLIST_KEY_NSLocationAlwaysAndWhenInUseUsageDescription = "我们需要通过您的地理位置信息获取您周边的相关数据";
				INFOPLIST_KEY_NSLocationAlwaysUsageDescription = "我们需要通过您的地理位置信息获取您周边的相关数据";
				INFOPLIST_KEY_NSLocationWhenInUseUsageDescription = "使用应用期间";
				INFOPLIST_KEY_UIApplicationSupportsIndirectInputEvents = YES;
				INFOPLIST_KEY_UILaunchStoryboardName = LaunchScreen;
				INFOPLIST_KEY_UIMainStoryboardFile = Main;
				INFOPLIST_KEY_UISupportedInterfaceOrientations = "UIInterfaceOrientationLandscapeLeft UIInterfaceOrientationLandscapeRight";
				INFOPLIST_KEY_UISupportedInterfaceOrientations_iPad = "UIInterfaceOrientationPortrait UIInterfaceOrientationPortraitUpsideDown UIInterfaceOrientationLandscapeLeft UIInterfaceOrientationLandscapeRight";
				INFOPLIST_KEY_UISupportedInterfaceOrientations_iPhone = "UIInterfaceOrientationPortrait UIInterfaceOrientationLandscapeLeft UIInterfaceOrientationLandscapeRight";
				LD_RUNPATH_SEARCH_PATHS = (
					"$(inherited)",
					"@executable_path/Frameworks",
				);
				MARKETING_VERSION = 2.0.0;
				PRODUCT_BUNDLE_IDENTIFIER = "com.dream-ds.location.example";
				PRODUCT_NAME = "$(TARGET_NAME)";
				SWIFT_EMIT_LOC_STRINGS = YES;
				SWIFT_VERSION = 5.0;
				TARGETED_DEVICE_FAMILY = "1,2";
			};
			name = Release;
		};
/* End XCBuildConfiguration section */

/* Begin XCConfigurationList section */
		F1A5777D2710894800E3E967 /* Build configuration list for PBXProject "Example" */ = {
			isa = XCConfigurationList;
			buildConfigurations = (
				F1A577942710894B00E3E967 /* Debug */,
				F1A577952710894B00E3E967 /* Release */,
			);
			defaultConfigurationIsVisible = 0;
			defaultConfigurationName = Release;
		};
		F1A577962710894B00E3E967 /* Build configuration list for PBXNativeTarget "Example" */ = {
			isa = XCConfigurationList;
			buildConfigurations = (
				F1A577972710894B00E3E967 /* Debug */,
				F1A577982710894B00E3E967 /* Release */,
			);
			defaultConfigurationIsVisible = 0;
			defaultConfigurationName = Release;
		};
/* End XCConfigurationList section */
	};
	rootObject = F1A5777A2710894800E3E967 /* Project object */;
}
