PODS:
  - DSBase (0.0.5)
  - DSLocation (0.0.1):
    - DSBase

DEPENDENCIES:
  - DSLocation (from `../`)

SPEC REPOS:
  https://github.com/CocoaPods/Specs.git:
    - DSBase

EXTERNAL SOURCES:
  DSLocation:
    :path: "../"

SPEC CHECKSUMS:
  DSBase: 051c4181d892a656e26b6ce094c2ac0a4e6e7f99
  DSLocation: 751caadaceddaae98b6d8bd78935624d8d866e98

PODFILE CHECKSUM: 83e795d3968540f739361f8e0fc7d10974711086

COCOAPODS: 1.10.0
