PODS:
  - DSBase (1.0.1)
  - DSLocation (1.0.1):
    - DSBase

DEPENDENCIES:
  - DSLocation (from `../`)

SPEC REPOS:
  https://github.com/CocoaPods/Specs.git:
    - DSBase

EXTERNAL SOURCES:
  DSLocation:
    :path: "../"

SPEC CHECKSUMS:
  DSBase: 20e7d49cef125bc7b2225f78b1e269f4ef1594bc
  DSLocation: 6cd403862bb8b1e42951907853d6eb983fcdd53c

PODFILE CHECKSUM: 83e795d3968540f739361f8e0fc7d10974711086

COCOAPODS: 1.10.0
